# This file was autogenerated by Stack.
# You should not edit this file by hand.
# For more information, please see the documentation at:
#   https://docs.haskellstack.org/en/stable/lock_files

packages:
- completed:
    commit: 135de5f23b20ef480c16feed3b2dab562ac5fedd
    git: https://github.com/vitalibarozzi/abstract-effects
    name: abstract-effects
    pantry-tree:
      sha256: 9063309ef9d5de253ea6ad986e5ad1e2f21b7517831280c5cb3beb5a08fe206b
      size: 1146
    version: 0.1.0.1
  original:
    commit: 135de5f23b20ef480c16feed3b2dab562ac5fedd
    git: https://github.com/vitalibarozzi/abstract-effects
snapshots:
- completed:
    sha256: 17870c63f8041ac17a38096124abeb953cb14d84bfc96deb88f9b24daa97b347
    size: 649332
    url: https://raw.githubusercontent.com/commercialhaskell/stackage-snapshots/master/lts/20/10.yaml
  original:
    url: https://raw.githubusercontent.com/commercialhaskell/stackage-snapshots/master/lts/20/10.yaml
