# This file was autogenerated by Stack.
# You should not edit this file by hand.
# For more information, please see the documentation at:
#   https://docs.haskellstack.org/en/stable/lock_files

packages:
- completed:
    commit: c812d7c4fb605d15c15a0e003877fe462db2b03f
    git: https://github.com/vitalibarozzi/effects
    name: effects
    pantry-tree:
      sha256: 749245ef0f33932f02d57b9efd2cf0a0f468e721aa02d76cc0b522b72de01875
      size: 997
    version: 0.1.0.0
  original:
    commit: c812d7c4fb605d15c15a0e003877fe462db2b03f
    git: https://github.com/vitalibarozzi/effects
snapshots:
- completed:
    sha256: 17870c63f8041ac17a38096124abeb953cb14d84bfc96deb88f9b24daa97b347
    size: 649332
    url: https://raw.githubusercontent.com/commercialhaskell/stackage-snapshots/master/lts/20/10.yaml
  original:
    url: https://raw.githubusercontent.com/commercialhaskell/stackage-snapshots/master/lts/20/10.yaml
